
Microsoft Visual Studio Solution File, Format Version 12.00
# Visual Studio 15
VisualStudioVersion = 15.0.27130.2036
MinimumVisualStudioVersion = 10.0.40219.1
Project("{FAE04EC0-301F-11D3-BF4B-00C04F79EFBC}") = "MergeSortImplementation", "MergeSortImplementation\MergeSortImplementation.csproj", "{FDD1A490-D8E7-46B4-BC40-378DA340BDAF}"
EndProject
Global
	GlobalSection(SolutionConfigurationPlatforms) = preSolution
		Debug|Any CPU = Debug|Any CPU
		Release|Any CPU = Release|Any CPU
	EndGlobalSection
	GlobalSection(ProjectConfigurationPlatforms) = postSolution
		{FDD1A490-D8E7-46B4-BC40-378DA340BDAF}.Debug|Any CPU.ActiveCfg = Debug|Any CPU
		{FDD1A490-D8E7-46B4-BC40-378DA340BDAF}.Debug|Any CPU.Build.0 = Debug|Any CPU
		{FDD1A490-D8E7-46B4-BC40-378DA340BDAF}.Release|Any CPU.ActiveCfg = Release|Any CPU
		{FDD1A490-D8E7-46B4-BC40-378DA340BDAF}.Release|Any CPU.Build.0 = Release|Any CPU
	EndGlobalSection
	GlobalSection(SolutionProperties) = preSolution
		HideSolutionNode = FALSE
	EndGlobalSection
	GlobalSection(ExtensibilityGlobals) = postSolution
		SolutionGuid = {FB428FAE-9E58-4E79-BEEB-CA18861ED12E}
	EndGlobalSection
EndGlobal
